
Microsoft Visual Studio Solution File, Format Version 12.00
# Visual Studio Version 17
VisualStudioVersion = 17.10.35013.160
MinimumVisualStudioVersion = 10.0.40219.1
Project("{FAE04EC0-301F-11D3-BF4B-00C04F79EFBC}") = "StudentPortal.Web", "StudentPortal.Web\StudentPortal.Web.csproj", "{EFCB9DA3-60CA-4817-A18E-915CB52260DD}"
EndProject
Global
	GlobalSection(SolutionConfigurationPlatforms) = preSolution
		Debug|Any CPU = Debug|Any CPU
		Release|Any CPU = Release|Any CPU
	EndGlobalSection
	GlobalSection(ProjectConfigurationPlatforms) = postSolution
		{EFCB9DA3-60CA-4817-A18E-915CB52260DD}.Debug|Any CPU.ActiveCfg = Debug|Any CPU
		{EFCB9DA3-60CA-4817-A18E-915CB52260DD}.Debug|Any CPU.Build.0 = Debug|Any CPU
		{EFCB9DA3-60CA-4817-A18E-915CB52260DD}.Release|Any CPU.ActiveCfg = Release|Any CPU
		{EFCB9DA3-60CA-4817-A18E-915CB52260DD}.Release|Any CPU.Build.0 = Release|Any CPU
	EndGlobalSection
	GlobalSection(SolutionProperties) = preSolution
		HideSolutionNode = FALSE
	EndGlobalSection
	GlobalSection(ExtensibilityGlobals) = postSolution
		SolutionGuid = {DF42E7B7-DE8D-46C8-80F6-03B22BAE095C}
	EndGlobalSection
EndGlobal
